
Microsoft Visual Studio Solution File, Format Version 12.00
# Visual Studio Version 16
VisualStudioVersion = 16.0.31911.196
MinimumVisualStudioVersion = 10.0.40219.1
Project("{8BC9CEB8-8B4A-11D0-8D11-00A0C91BC942}") = "22.03.29 圆柱体类", "22.03.29 圆柱体类\22.03.29 圆柱体类.vcxproj", "{49BAD1D7-7F0A-4ADB-9F31-C269B0E153F6}"
EndProject
Global
	GlobalSection(SolutionConfigurationPlatforms) = preSolution
		Debug|x64 = Debug|x64
		Debug|x86 = Debug|x86
		Release|x64 = Release|x64
		Release|x86 = Release|x86
	EndGlobalSection
	GlobalSection(ProjectConfigurationPlatforms) = postSolution
		{49BAD1D7-7F0A-4ADB-9F31-C269B0E153F6}.Debug|x64.ActiveCfg = Debug|x64
		{49BAD1D7-7F0A-4ADB-9F31-C269B0E153F6}.Debug|x64.Build.0 = Debug|x64
		{49BAD1D7-7F0A-4ADB-9F31-C269B0E153F6}.Debug|x86.ActiveCfg = Debug|Win32
		{49BAD1D7-7F0A-4ADB-9F31-C269B0E153F6}.Debug|x86.Build.0 = Debug|Win32
		{49BAD1D7-7F0A-4ADB-9F31-C269B0E153F6}.Release|x64.ActiveCfg = Release|x64
		{49BAD1D7-7F0A-4ADB-9F31-C269B0E153F6}.Release|x64.Build.0 = Release|x64
		{49BAD1D7-7F0A-4ADB-9F31-C269B0E153F6}.Release|x86.ActiveCfg = Release|Win32
		{49BAD1D7-7F0A-4ADB-9F31-C269B0E153F6}.Release|x86.Build.0 = Release|Win32
	EndGlobalSection
	GlobalSection(SolutionProperties) = preSolution
		HideSolutionNode = FALSE
	EndGlobalSection
	GlobalSection(ExtensibilityGlobals) = postSolution
		SolutionGuid = {9D9321CE-FBD3-4F95-BB40-66A5C0452A75}
	EndGlobalSection
EndGlobal
