
Microsoft Visual Studio Solution File, Format Version 12.00
# Visual Studio Version 16
VisualStudioVersion = 16.0.31911.196
MinimumVisualStudioVersion = 10.0.40219.1
Project("{8BC9CEB8-8B4A-11D0-8D11-00A0C91BC942}") = "22.05.25 案例 二进制文件 写文件", "22.05.25 案例 二进制文件 写文件\22.05.25 案例 二进制文件 写文件.vcxproj", "{33BA6503-FED9-4C10-8E27-D01322F23E11}"
EndProject
Global
	GlobalSection(SolutionConfigurationPlatforms) = preSolution
		Debug|x64 = Debug|x64
		Debug|x86 = Debug|x86
		Release|x64 = Release|x64
		Release|x86 = Release|x86
	EndGlobalSection
	GlobalSection(ProjectConfigurationPlatforms) = postSolution
		{33BA6503-FED9-4C10-8E27-D01322F23E11}.Debug|x64.ActiveCfg = Debug|x64
		{33BA6503-FED9-4C10-8E27-D01322F23E11}.Debug|x64.Build.0 = Debug|x64
		{33BA6503-FED9-4C10-8E27-D01322F23E11}.Debug|x86.ActiveCfg = Debug|Win32
		{33BA6503-FED9-4C10-8E27-D01322F23E11}.Debug|x86.Build.0 = Debug|Win32
		{33BA6503-FED9-4C10-8E27-D01322F23E11}.Release|x64.ActiveCfg = Release|x64
		{33BA6503-FED9-4C10-8E27-D01322F23E11}.Release|x64.Build.0 = Release|x64
		{33BA6503-FED9-4C10-8E27-D01322F23E11}.Release|x86.ActiveCfg = Release|Win32
		{33BA6503-FED9-4C10-8E27-D01322F23E11}.Release|x86.Build.0 = Release|Win32
	EndGlobalSection
	GlobalSection(SolutionProperties) = preSolution
		HideSolutionNode = FALSE
	EndGlobalSection
	GlobalSection(ExtensibilityGlobals) = postSolution
		SolutionGuid = {F65C5B99-B240-43EA-B9FC-9E0CD5397291}
	EndGlobalSection
EndGlobal
