
Microsoft Visual Studio Solution File, Format Version 12.00
# Visual Studio Version 16
VisualStudioVersion = 16.0.31911.196
MinimumVisualStudioVersion = 10.0.40219.1
Project("{8BC9CEB8-8B4A-11D0-8D11-00A0C91BC942}") = "22.04.12 练习 点和圆的关系", "22.04.12 练习 点和圆的关系\22.04.12 练习 点和圆的关系.vcxproj", "{904D5F61-73AF-4E4E-A654-58B97512CADE}"
EndProject
Global
	GlobalSection(SolutionConfigurationPlatforms) = preSolution
		Debug|x64 = Debug|x64
		Debug|x86 = Debug|x86
		Release|x64 = Release|x64
		Release|x86 = Release|x86
	EndGlobalSection
	GlobalSection(ProjectConfigurationPlatforms) = postSolution
		{904D5F61-73AF-4E4E-A654-58B97512CADE}.Debug|x64.ActiveCfg = Debug|x64
		{904D5F61-73AF-4E4E-A654-58B97512CADE}.Debug|x64.Build.0 = Debug|x64
		{904D5F61-73AF-4E4E-A654-58B97512CADE}.Debug|x86.ActiveCfg = Debug|Win32
		{904D5F61-73AF-4E4E-A654-58B97512CADE}.Debug|x86.Build.0 = Debug|Win32
		{904D5F61-73AF-4E4E-A654-58B97512CADE}.Release|x64.ActiveCfg = Release|x64
		{904D5F61-73AF-4E4E-A654-58B97512CADE}.Release|x64.Build.0 = Release|x64
		{904D5F61-73AF-4E4E-A654-58B97512CADE}.Release|x86.ActiveCfg = Release|Win32
		{904D5F61-73AF-4E4E-A654-58B97512CADE}.Release|x86.Build.0 = Release|Win32
	EndGlobalSection
	GlobalSection(SolutionProperties) = preSolution
		HideSolutionNode = FALSE
	EndGlobalSection
	GlobalSection(ExtensibilityGlobals) = postSolution
		SolutionGuid = {9339A283-0A66-46B8-BBD0-E05BDDCD6613}
	EndGlobalSection
EndGlobal
