
Microsoft Visual Studio Solution File, Format Version 12.00
# Visual Studio Version 16
VisualStudioVersion = 16.0.31911.196
MinimumVisualStudioVersion = 10.0.40219.1
Project("{8BC9CEB8-8B4A-11D0-8D11-00A0C91BC942}") = "11.22 欢迎信息", "11.22 欢迎信息\11.22 欢迎信息.vcxproj", "{5C9F7DB9-2D23-4995-90BE-133B05741BED}"
EndProject
Global
	GlobalSection(SolutionConfigurationPlatforms) = preSolution
		Debug|x64 = Debug|x64
		Debug|x86 = Debug|x86
		Release|x64 = Release|x64
		Release|x86 = Release|x86
	EndGlobalSection
	GlobalSection(ProjectConfigurationPlatforms) = postSolution
		{5C9F7DB9-2D23-4995-90BE-133B05741BED}.Debug|x64.ActiveCfg = Debug|x64
		{5C9F7DB9-2D23-4995-90BE-133B05741BED}.Debug|x64.Build.0 = Debug|x64
		{5C9F7DB9-2D23-4995-90BE-133B05741BED}.Debug|x86.ActiveCfg = Debug|Win32
		{5C9F7DB9-2D23-4995-90BE-133B05741BED}.Debug|x86.Build.0 = Debug|Win32
		{5C9F7DB9-2D23-4995-90BE-133B05741BED}.Release|x64.ActiveCfg = Release|x64
		{5C9F7DB9-2D23-4995-90BE-133B05741BED}.Release|x64.Build.0 = Release|x64
		{5C9F7DB9-2D23-4995-90BE-133B05741BED}.Release|x86.ActiveCfg = Release|Win32
		{5C9F7DB9-2D23-4995-90BE-133B05741BED}.Release|x86.Build.0 = Release|Win32
	EndGlobalSection
	GlobalSection(SolutionProperties) = preSolution
		HideSolutionNode = FALSE
	EndGlobalSection
	GlobalSection(ExtensibilityGlobals) = postSolution
		SolutionGuid = {F3B30DBA-44E8-4AC9-9CE6-E9666CCCB13A}
	EndGlobalSection
EndGlobal
