
Microsoft Visual Studio Solution File, Format Version 12.00
# Visual Studio Version 16
VisualStudioVersion = 16.0.31911.196
MinimumVisualStudioVersion = 10.0.40219.1
Project("{8BC9CEB8-8B4A-11D0-8D11-00A0C91BC942}") = "22.03.11 内联函数、 默认参数、引用数据类型练习", "22.03.11 内联函数、 默认参数、引用数据类型练习\22.03.11 内联函数、 默认参数、引用数据类型练习.vcxproj", "{8DF1B426-8EDC-4801-820A-699D0099BCE1}"
EndProject
Global
	GlobalSection(SolutionConfigurationPlatforms) = preSolution
		Debug|x64 = Debug|x64
		Debug|x86 = Debug|x86
		Release|x64 = Release|x64
		Release|x86 = Release|x86
	EndGlobalSection
	GlobalSection(ProjectConfigurationPlatforms) = postSolution
		{8DF1B426-8EDC-4801-820A-699D0099BCE1}.Debug|x64.ActiveCfg = Debug|x64
		{8DF1B426-8EDC-4801-820A-699D0099BCE1}.Debug|x64.Build.0 = Debug|x64
		{8DF1B426-8EDC-4801-820A-699D0099BCE1}.Debug|x86.ActiveCfg = Debug|Win32
		{8DF1B426-8EDC-4801-820A-699D0099BCE1}.Debug|x86.Build.0 = Debug|Win32
		{8DF1B426-8EDC-4801-820A-699D0099BCE1}.Release|x64.ActiveCfg = Release|x64
		{8DF1B426-8EDC-4801-820A-699D0099BCE1}.Release|x64.Build.0 = Release|x64
		{8DF1B426-8EDC-4801-820A-699D0099BCE1}.Release|x86.ActiveCfg = Release|Win32
		{8DF1B426-8EDC-4801-820A-699D0099BCE1}.Release|x86.Build.0 = Release|Win32
	EndGlobalSection
	GlobalSection(SolutionProperties) = preSolution
		HideSolutionNode = FALSE
	EndGlobalSection
	GlobalSection(ExtensibilityGlobals) = postSolution
		SolutionGuid = {48A3580F-C03A-43C4-89B1-4FC8DDBF5810}
	EndGlobalSection
EndGlobal
