
Microsoft Visual Studio Solution File, Format Version 12.00
# Visual Studio Version 16
VisualStudioVersion = 16.0.31911.196
MinimumVisualStudioVersion = 10.0.40219.1
Project("{8BC9CEB8-8B4A-11D0-8D11-00A0C91BC942}") = "11.24 不同的字符串", "11.24 不同的字符串\11.24 不同的字符串.vcxproj", "{12F79101-1F50-4BD6-BC76-7FC34E4BC80E}"
EndProject
Global
	GlobalSection(SolutionConfigurationPlatforms) = preSolution
		Debug|x64 = Debug|x64
		Debug|x86 = Debug|x86
		Release|x64 = Release|x64
		Release|x86 = Release|x86
	EndGlobalSection
	GlobalSection(ProjectConfigurationPlatforms) = postSolution
		{12F79101-1F50-4BD6-BC76-7FC34E4BC80E}.Debug|x64.ActiveCfg = Debug|x64
		{12F79101-1F50-4BD6-BC76-7FC34E4BC80E}.Debug|x64.Build.0 = Debug|x64
		{12F79101-1F50-4BD6-BC76-7FC34E4BC80E}.Debug|x86.ActiveCfg = Debug|Win32
		{12F79101-1F50-4BD6-BC76-7FC34E4BC80E}.Debug|x86.Build.0 = Debug|Win32
		{12F79101-1F50-4BD6-BC76-7FC34E4BC80E}.Release|x64.ActiveCfg = Release|x64
		{12F79101-1F50-4BD6-BC76-7FC34E4BC80E}.Release|x64.Build.0 = Release|x64
		{12F79101-1F50-4BD6-BC76-7FC34E4BC80E}.Release|x86.ActiveCfg = Release|Win32
		{12F79101-1F50-4BD6-BC76-7FC34E4BC80E}.Release|x86.Build.0 = Release|Win32
	EndGlobalSection
	GlobalSection(SolutionProperties) = preSolution
		HideSolutionNode = FALSE
	EndGlobalSection
	GlobalSection(ExtensibilityGlobals) = postSolution
		SolutionGuid = {DA140DCE-746D-4A7B-8839-479290FEAE06}
	EndGlobalSection
EndGlobal
