
Microsoft Visual Studio Solution File, Format Version 12.00
# Visual Studio Version 16
VisualStudioVersion = 16.0.31911.196
MinimumVisualStudioVersion = 10.0.40219.1
Project("{8BC9CEB8-8B4A-11D0-8D11-00A0C91BC942}") = "12.27 删除字符串中指定字母", "12.27 删除字符串中指定字母\12.27 删除字符串中指定字母.vcxproj", "{EE7584C6-DFA3-4E8D-B009-AB2729707E4C}"
EndProject
Global
	GlobalSection(SolutionConfigurationPlatforms) = preSolution
		Debug|x64 = Debug|x64
		Debug|x86 = Debug|x86
		Release|x64 = Release|x64
		Release|x86 = Release|x86
	EndGlobalSection
	GlobalSection(ProjectConfigurationPlatforms) = postSolution
		{EE7584C6-DFA3-4E8D-B009-AB2729707E4C}.Debug|x64.ActiveCfg = Debug|x64
		{EE7584C6-DFA3-4E8D-B009-AB2729707E4C}.Debug|x64.Build.0 = Debug|x64
		{EE7584C6-DFA3-4E8D-B009-AB2729707E4C}.Debug|x86.ActiveCfg = Debug|Win32
		{EE7584C6-DFA3-4E8D-B009-AB2729707E4C}.Debug|x86.Build.0 = Debug|Win32
		{EE7584C6-DFA3-4E8D-B009-AB2729707E4C}.Release|x64.ActiveCfg = Release|x64
		{EE7584C6-DFA3-4E8D-B009-AB2729707E4C}.Release|x64.Build.0 = Release|x64
		{EE7584C6-DFA3-4E8D-B009-AB2729707E4C}.Release|x86.ActiveCfg = Release|Win32
		{EE7584C6-DFA3-4E8D-B009-AB2729707E4C}.Release|x86.Build.0 = Release|Win32
	EndGlobalSection
	GlobalSection(SolutionProperties) = preSolution
		HideSolutionNode = FALSE
	EndGlobalSection
	GlobalSection(ExtensibilityGlobals) = postSolution
		SolutionGuid = {2263D8EC-DAF0-4E13-AF31-284861FB1EAD}
	EndGlobalSection
EndGlobal
