
Microsoft Visual Studio Solution File, Format Version 12.00
# Visual Studio Version 16
VisualStudioVersion = 16.0.31911.196
MinimumVisualStudioVersion = 10.0.40219.1
Project("{8BC9CEB8-8B4A-11D0-8D11-00A0C91BC942}") = "22.05.06 stock类练习", "22.05.06 stock类练习\22.05.06 stock类练习.vcxproj", "{CD6A5585-8473-499C-90BF-4A97DA15609D}"
EndProject
Global
	GlobalSection(SolutionConfigurationPlatforms) = preSolution
		Debug|x64 = Debug|x64
		Debug|x86 = Debug|x86
		Release|x64 = Release|x64
		Release|x86 = Release|x86
	EndGlobalSection
	GlobalSection(ProjectConfigurationPlatforms) = postSolution
		{CD6A5585-8473-499C-90BF-4A97DA15609D}.Debug|x64.ActiveCfg = Debug|x64
		{CD6A5585-8473-499C-90BF-4A97DA15609D}.Debug|x64.Build.0 = Debug|x64
		{CD6A5585-8473-499C-90BF-4A97DA15609D}.Debug|x86.ActiveCfg = Debug|Win32
		{CD6A5585-8473-499C-90BF-4A97DA15609D}.Debug|x86.Build.0 = Debug|Win32
		{CD6A5585-8473-499C-90BF-4A97DA15609D}.Release|x64.ActiveCfg = Release|x64
		{CD6A5585-8473-499C-90BF-4A97DA15609D}.Release|x64.Build.0 = Release|x64
		{CD6A5585-8473-499C-90BF-4A97DA15609D}.Release|x86.ActiveCfg = Release|Win32
		{CD6A5585-8473-499C-90BF-4A97DA15609D}.Release|x86.Build.0 = Release|Win32
	EndGlobalSection
	GlobalSection(SolutionProperties) = preSolution
		HideSolutionNode = FALSE
	EndGlobalSection
	GlobalSection(ExtensibilityGlobals) = postSolution
		SolutionGuid = {65F682AA-A919-46E9-AD2F-EA3742137349}
	EndGlobalSection
EndGlobal
