
Microsoft Visual Studio Solution File, Format Version 12.00
# Visual Studio Version 16
VisualStudioVersion = 16.0.31911.196
MinimumVisualStudioVersion = 10.0.40219.1
Project("{8BC9CEB8-8B4A-11D0-8D11-00A0C91BC942}") = "22.06.24 案例 类模板与继承", "22.06.24 案例 类模板与继承\22.06.24 案例 类模板与继承.vcxproj", "{1A238CE7-A219-4686-AABE-18B87ADCB701}"
EndProject
Global
	GlobalSection(SolutionConfigurationPlatforms) = preSolution
		Debug|x64 = Debug|x64
		Debug|x86 = Debug|x86
		Release|x64 = Release|x64
		Release|x86 = Release|x86
	EndGlobalSection
	GlobalSection(ProjectConfigurationPlatforms) = postSolution
		{1A238CE7-A219-4686-AABE-18B87ADCB701}.Debug|x64.ActiveCfg = Debug|x64
		{1A238CE7-A219-4686-AABE-18B87ADCB701}.Debug|x64.Build.0 = Debug|x64
		{1A238CE7-A219-4686-AABE-18B87ADCB701}.Debug|x86.ActiveCfg = Debug|Win32
		{1A238CE7-A219-4686-AABE-18B87ADCB701}.Debug|x86.Build.0 = Debug|Win32
		{1A238CE7-A219-4686-AABE-18B87ADCB701}.Release|x64.ActiveCfg = Release|x64
		{1A238CE7-A219-4686-AABE-18B87ADCB701}.Release|x64.Build.0 = Release|x64
		{1A238CE7-A219-4686-AABE-18B87ADCB701}.Release|x86.ActiveCfg = Release|Win32
		{1A238CE7-A219-4686-AABE-18B87ADCB701}.Release|x86.Build.0 = Release|Win32
	EndGlobalSection
	GlobalSection(SolutionProperties) = preSolution
		HideSolutionNode = FALSE
	EndGlobalSection
	GlobalSection(ExtensibilityGlobals) = postSolution
		SolutionGuid = {205CB5CB-EF22-44AE-9B0E-833BD1955840}
	EndGlobalSection
EndGlobal
