
Microsoft Visual Studio Solution File, Format Version 12.00
# Visual Studio Version 16
VisualStudioVersion = 16.0.31911.196
MinimumVisualStudioVersion = 10.0.40219.1
Project("{8BC9CEB8-8B4A-11D0-8D11-00A0C91BC942}") = "12.17 因子之和通过指针变量间接传回主函数", "12.17 因子之和通过指针变量间接传回主函数\12.17 因子之和通过指针变量间接传回主函数.vcxproj", "{A28F0857-C3BF-47C0-9EEF-D463A4789214}"
EndProject
Global
	GlobalSection(SolutionConfigurationPlatforms) = preSolution
		Debug|x64 = Debug|x64
		Debug|x86 = Debug|x86
		Release|x64 = Release|x64
		Release|x86 = Release|x86
	EndGlobalSection
	GlobalSection(ProjectConfigurationPlatforms) = postSolution
		{A28F0857-C3BF-47C0-9EEF-D463A4789214}.Debug|x64.ActiveCfg = Debug|x64
		{A28F0857-C3BF-47C0-9EEF-D463A4789214}.Debug|x64.Build.0 = Debug|x64
		{A28F0857-C3BF-47C0-9EEF-D463A4789214}.Debug|x86.ActiveCfg = Debug|Win32
		{A28F0857-C3BF-47C0-9EEF-D463A4789214}.Debug|x86.Build.0 = Debug|Win32
		{A28F0857-C3BF-47C0-9EEF-D463A4789214}.Release|x64.ActiveCfg = Release|x64
		{A28F0857-C3BF-47C0-9EEF-D463A4789214}.Release|x64.Build.0 = Release|x64
		{A28F0857-C3BF-47C0-9EEF-D463A4789214}.Release|x86.ActiveCfg = Release|Win32
		{A28F0857-C3BF-47C0-9EEF-D463A4789214}.Release|x86.Build.0 = Release|Win32
	EndGlobalSection
	GlobalSection(SolutionProperties) = preSolution
		HideSolutionNode = FALSE
	EndGlobalSection
	GlobalSection(ExtensibilityGlobals) = postSolution
		SolutionGuid = {1E36EB25-AD6A-4D3F-845C-BCA386DD8FA2}
	EndGlobalSection
EndGlobal
