
Microsoft Visual Studio Solution File, Format Version 12.00
# Visual Studio Version 16
VisualStudioVersion = 16.0.31911.196
MinimumVisualStudioVersion = 10.0.40219.1
Project("{8BC9CEB8-8B4A-11D0-8D11-00A0C91BC942}") = "12.16 求最大值最小值", "12.16 求最大值最小值\12.16 求最大值最小值.vcxproj", "{C8A1BAF6-1CBA-4421-9722-D0C11979678C}"
EndProject
Global
	GlobalSection(SolutionConfigurationPlatforms) = preSolution
		Debug|x64 = Debug|x64
		Debug|x86 = Debug|x86
		Release|x64 = Release|x64
		Release|x86 = Release|x86
	EndGlobalSection
	GlobalSection(ProjectConfigurationPlatforms) = postSolution
		{C8A1BAF6-1CBA-4421-9722-D0C11979678C}.Debug|x64.ActiveCfg = Debug|x64
		{C8A1BAF6-1CBA-4421-9722-D0C11979678C}.Debug|x64.Build.0 = Debug|x64
		{C8A1BAF6-1CBA-4421-9722-D0C11979678C}.Debug|x86.ActiveCfg = Debug|Win32
		{C8A1BAF6-1CBA-4421-9722-D0C11979678C}.Debug|x86.Build.0 = Debug|Win32
		{C8A1BAF6-1CBA-4421-9722-D0C11979678C}.Release|x64.ActiveCfg = Release|x64
		{C8A1BAF6-1CBA-4421-9722-D0C11979678C}.Release|x64.Build.0 = Release|x64
		{C8A1BAF6-1CBA-4421-9722-D0C11979678C}.Release|x86.ActiveCfg = Release|Win32
		{C8A1BAF6-1CBA-4421-9722-D0C11979678C}.Release|x86.Build.0 = Release|Win32
	EndGlobalSection
	GlobalSection(SolutionProperties) = preSolution
		HideSolutionNode = FALSE
	EndGlobalSection
	GlobalSection(ExtensibilityGlobals) = postSolution
		SolutionGuid = {14E20A73-FABD-4DCB-B4DE-CB0A2A5A99EE}
	EndGlobalSection
EndGlobal
