
Microsoft Visual Studio Solution File, Format Version 12.00
# Visual Studio Version 16
VisualStudioVersion = 16.0.31911.196
MinimumVisualStudioVersion = 10.0.40219.1
Project("{8BC9CEB8-8B4A-11D0-8D11-00A0C91BC942}") = "12.23 打印杨辉三角", "12.23 打印杨辉三角\12.23 打印杨辉三角.vcxproj", "{2CA6F47E-A26D-4B4B-9125-351E2AE7EBCF}"
EndProject
Global
	GlobalSection(SolutionConfigurationPlatforms) = preSolution
		Debug|x64 = Debug|x64
		Debug|x86 = Debug|x86
		Release|x64 = Release|x64
		Release|x86 = Release|x86
	EndGlobalSection
	GlobalSection(ProjectConfigurationPlatforms) = postSolution
		{2CA6F47E-A26D-4B4B-9125-351E2AE7EBCF}.Debug|x64.ActiveCfg = Debug|x64
		{2CA6F47E-A26D-4B4B-9125-351E2AE7EBCF}.Debug|x64.Build.0 = Debug|x64
		{2CA6F47E-A26D-4B4B-9125-351E2AE7EBCF}.Debug|x86.ActiveCfg = Debug|Win32
		{2CA6F47E-A26D-4B4B-9125-351E2AE7EBCF}.Debug|x86.Build.0 = Debug|Win32
		{2CA6F47E-A26D-4B4B-9125-351E2AE7EBCF}.Release|x64.ActiveCfg = Release|x64
		{2CA6F47E-A26D-4B4B-9125-351E2AE7EBCF}.Release|x64.Build.0 = Release|x64
		{2CA6F47E-A26D-4B4B-9125-351E2AE7EBCF}.Release|x86.ActiveCfg = Release|Win32
		{2CA6F47E-A26D-4B4B-9125-351E2AE7EBCF}.Release|x86.Build.0 = Release|Win32
	EndGlobalSection
	GlobalSection(SolutionProperties) = preSolution
		HideSolutionNode = FALSE
	EndGlobalSection
	GlobalSection(ExtensibilityGlobals) = postSolution
		SolutionGuid = {EE2B865A-FC82-40D9-98CE-7ABF4CB682CB}
	EndGlobalSection
EndGlobal
