
Microsoft Visual Studio Solution File, Format Version 12.00
# Visual Studio Version 16
VisualStudioVersion = 16.0.31911.196
MinimumVisualStudioVersion = 10.0.40219.1
Project("{8BC9CEB8-8B4A-11D0-8D11-00A0C91BC942}") = "11.27 病毒变种", "11.27 病毒变种\11.27 病毒变种.vcxproj", "{3FE5DA5E-374C-43BF-92F8-D94ED8FEFCFE}"
EndProject
Global
	GlobalSection(SolutionConfigurationPlatforms) = preSolution
		Debug|x64 = Debug|x64
		Debug|x86 = Debug|x86
		Release|x64 = Release|x64
		Release|x86 = Release|x86
	EndGlobalSection
	GlobalSection(ProjectConfigurationPlatforms) = postSolution
		{3FE5DA5E-374C-43BF-92F8-D94ED8FEFCFE}.Debug|x64.ActiveCfg = Debug|x64
		{3FE5DA5E-374C-43BF-92F8-D94ED8FEFCFE}.Debug|x64.Build.0 = Debug|x64
		{3FE5DA5E-374C-43BF-92F8-D94ED8FEFCFE}.Debug|x86.ActiveCfg = Debug|Win32
		{3FE5DA5E-374C-43BF-92F8-D94ED8FEFCFE}.Debug|x86.Build.0 = Debug|Win32
		{3FE5DA5E-374C-43BF-92F8-D94ED8FEFCFE}.Release|x64.ActiveCfg = Release|x64
		{3FE5DA5E-374C-43BF-92F8-D94ED8FEFCFE}.Release|x64.Build.0 = Release|x64
		{3FE5DA5E-374C-43BF-92F8-D94ED8FEFCFE}.Release|x86.ActiveCfg = Release|Win32
		{3FE5DA5E-374C-43BF-92F8-D94ED8FEFCFE}.Release|x86.Build.0 = Release|Win32
	EndGlobalSection
	GlobalSection(SolutionProperties) = preSolution
		HideSolutionNode = FALSE
	EndGlobalSection
	GlobalSection(ExtensibilityGlobals) = postSolution
		SolutionGuid = {9B5B021E-5F99-499A-82C7-9E0A31E20437}
	EndGlobalSection
EndGlobal
